// !$*UTF8*$!
{
	archiveVersion = 1;
	classes = {
	};
	objectVersion = 48;
	objects = {

/* Begin PBXBuildFile section */
		F1B46A9F21A9986B000A78E3 /* NamingConventions.framework in Frameworks */ = {isa = PBXBuildFile; fileRef = F1B46A9621A9986B000A78E3 /* NamingConventions.framework */; };
		F1B46ABB21A998A6000A78E3 /* NamingConventions.framework in Frameworks */ = {isa = PBXBuildFile; fileRef = F1B46AB221A998A6000A78E3 /* NamingConventions.framework */; };
		F1B46AC921A99E0F000A78E3 /* NamingConventionsTest.swift in Sources */ = {isa = PBXBuildFile; fileRef = F1F6A7C121A442F300859C55 /* NamingConventionsTest.swift */; };
		F1B46ACA21A99E0F000A78E3 /* TestBase.swift in Sources */ = {isa = PBXBuildFile; fileRef = F1F6A7C221A442F300859C55 /* TestBase.swift */; };
		F1B46ACB21A99E7F000A78E3 /* ConventionConverter.swift in Sources */ = {isa = PBXBuildFile; fileRef = F1F6A7B821A4409100859C55 /* ConventionConverter.swift */; };
		F1B46ACC21A99E7F000A78E3 /* Name.swift in Sources */ = {isa = PBXBuildFile; fileRef = F1F6A7B921A4409100859C55 /* Name.swift */; };
		F1B46ACD21A99E7F000A78E3 /* NamingConvention.swift in Sources */ = {isa = PBXBuildFile; fileRef = F1F6A7BB21A4409100859C55 /* NamingConvention.swift */; };
		F1B46ACE21A99E7F000A78E3 /* NamingConventions.swift in Sources */ = {isa = PBXBuildFile; fileRef = F1F6A7BA21A4409100859C55 /* NamingConventions.swift */; };
		F1B46ACF21A99EB5000A78E3 /* ConventionConverter.swift in Sources */ = {isa = PBXBuildFile; fileRef = F1F6A7B821A4409100859C55 /* ConventionConverter.swift */; };
		F1B46AD021A99EB5000A78E3 /* Name.swift in Sources */ = {isa = PBXBuildFile; fileRef = F1F6A7B921A4409100859C55 /* Name.swift */; };
		F1B46AD121A99EB5000A78E3 /* NamingConvention.swift in Sources */ = {isa = PBXBuildFile; fileRef = F1F6A7BB21A4409100859C55 /* NamingConvention.swift */; };
		F1B46AD221A99EB5000A78E3 /* NamingConventions.swift in Sources */ = {isa = PBXBuildFile; fileRef = F1F6A7BA21A4409100859C55 /* NamingConventions.swift */; };
		F1B46AD321A99EE8000A78E3 /* ConventionConverter.swift in Sources */ = {isa = PBXBuildFile; fileRef = F1F6A7B821A4409100859C55 /* ConventionConverter.swift */; };
		F1B46AD421A99EE8000A78E3 /* Name.swift in Sources */ = {isa = PBXBuildFile; fileRef = F1F6A7B921A4409100859C55 /* Name.swift */; };
		F1B46AD521A99EE8000A78E3 /* NamingConvention.swift in Sources */ = {isa = PBXBuildFile; fileRef = F1F6A7BB21A4409100859C55 /* NamingConvention.swift */; };
		F1B46AD621A99EE8000A78E3 /* NamingConventions.swift in Sources */ = {isa = PBXBuildFile; fileRef = F1F6A7BA21A4409100859C55 /* NamingConventions.swift */; };
		F1B46AD721A99EEF000A78E3 /* NamingConventionsTest.swift in Sources */ = {isa = PBXBuildFile; fileRef = F1F6A7C121A442F300859C55 /* NamingConventionsTest.swift */; };
		F1B46AD821A99EEF000A78E3 /* TestBase.swift in Sources */ = {isa = PBXBuildFile; fileRef = F1F6A7C221A442F300859C55 /* TestBase.swift */; };
		F1F6A7A221A43F1200859C55 /* NamingConventions.framework in Frameworks */ = {isa = PBXBuildFile; fileRef = F1F6A79821A43F1200859C55 /* NamingConventions.framework */; };
		F1F6A7A921A43F1200859C55 /* NamingConventions.h in Headers */ = {isa = PBXBuildFile; fileRef = F1F6A79B21A43F1200859C55 /* NamingConventions.h */; settings = {ATTRIBUTES = (Public, ); }; };
		F1F6A7B421A43F8100859C55 /* NamingConventions.podspec in Resources */ = {isa = PBXBuildFile; fileRef = F1F6A7B321A43F8100859C55 /* NamingConventions.podspec */; };
		F1F6A7B621A43FAF00859C55 /* test.sh in Resources */ = {isa = PBXBuildFile; fileRef = F1F6A7B521A43FAF00859C55 /* test.sh */; };
		F1F6A7BC21A4409100859C55 /* ConventionConverter.swift in Sources */ = {isa = PBXBuildFile; fileRef = F1F6A7B821A4409100859C55 /* ConventionConverter.swift */; };
		F1F6A7BD21A4409200859C55 /* Name.swift in Sources */ = {isa = PBXBuildFile; fileRef = F1F6A7B921A4409100859C55 /* Name.swift */; };
		F1F6A7BE21A4409200859C55 /* NamingConventions.swift in Sources */ = {isa = PBXBuildFile; fileRef = F1F6A7BA21A4409100859C55 /* NamingConventions.swift */; };
		F1F6A7BF21A4409200859C55 /* NamingConvention.swift in Sources */ = {isa = PBXBuildFile; fileRef = F1F6A7BB21A4409100859C55 /* NamingConvention.swift */; };
		F1F6A7C321A442F300859C55 /* NamingConventionsTest.swift in Sources */ = {isa = PBXBuildFile; fileRef = F1F6A7C121A442F300859C55 /* NamingConventionsTest.swift */; };
		F1F6A7C421A442F300859C55 /* TestBase.swift in Sources */ = {isa = PBXBuildFile; fileRef = F1F6A7C221A442F300859C55 /* TestBase.swift */; };
/* End PBXBuildFile section */

/* Begin PBXContainerItemProxy section */
		F1B46AA021A9986B000A78E3 /* PBXContainerItemProxy */ = {
			isa = PBXContainerItemProxy;
			containerPortal = F1F6A78F21A43F1200859C55 /* Project object */;
			proxyType = 1;
			remoteGlobalIDString = F1B46A9521A9986B000A78E3;
			remoteInfo = NamingConventions;
		};
		F1B46ABC21A998A6000A78E3 /* PBXContainerItemProxy */ = {
			isa = PBXContainerItemProxy;
			containerPortal = F1F6A78F21A43F1200859C55 /* Project object */;
			proxyType = 1;
			remoteGlobalIDString = F1B46AB121A998A6000A78E3;
			remoteInfo = NamingConventions;
		};
		F1F6A7A321A43F1200859C55 /* PBXContainerItemProxy */ = {
			isa = PBXContainerItemProxy;
			containerPortal = F1F6A78F21A43F1200859C55 /* Project object */;
			proxyType = 1;
			remoteGlobalIDString = F1F6A79721A43F1200859C55;
			remoteInfo = NamingConventions;
		};
/* End PBXContainerItemProxy section */

/* Begin PBXFileReference section */
		F1B46A8921A99842000A78E3 /* NamingConventions.framework */ = {isa = PBXFileReference; explicitFileType = wrapper.framework; includeInIndex = 0; path = NamingConventions.framework; sourceTree = BUILT_PRODUCTS_DIR; };
		F1B46A9621A9986B000A78E3 /* NamingConventions.framework */ = {isa = PBXFileReference; explicitFileType = wrapper.framework; includeInIndex = 0; path = NamingConventions.framework; sourceTree = BUILT_PRODUCTS_DIR; };
		F1B46A9E21A9986B000A78E3 /* NamingConventionsTests tvOS.xctest */ = {isa = PBXFileReference; explicitFileType = wrapper.cfbundle; includeInIndex = 0; path = "NamingConventionsTests tvOS.xctest"; sourceTree = BUILT_PRODUCTS_DIR; };
		F1B46AB221A998A6000A78E3 /* NamingConventions.framework */ = {isa = PBXFileReference; explicitFileType = wrapper.framework; includeInIndex = 0; path = NamingConventions.framework; sourceTree = BUILT_PRODUCTS_DIR; };
		F1B46ABA21A998A6000A78E3 /* NamingConventionsTests macOS.xctest */ = {isa = PBXFileReference; explicitFileType = wrapper.cfbundle; includeInIndex = 0; path = "NamingConventionsTests macOS.xctest"; sourceTree = BUILT_PRODUCTS_DIR; };
		F1F6A79821A43F1200859C55 /* NamingConventions.framework */ = {isa = PBXFileReference; explicitFileType = wrapper.framework; includeInIndex = 0; path = NamingConventions.framework; sourceTree = BUILT_PRODUCTS_DIR; };
		F1F6A79B21A43F1200859C55 /* NamingConventions.h */ = {isa = PBXFileReference; lastKnownFileType = sourcecode.c.h; path = NamingConventions.h; sourceTree = "<group>"; };
		F1F6A79C21A43F1200859C55 /* Info.plist */ = {isa = PBXFileReference; lastKnownFileType = text.plist.xml; path = Info.plist; sourceTree = "<group>"; };
		F1F6A7A121A43F1200859C55 /* NamingConventionsTests iOS.xctest */ = {isa = PBXFileReference; explicitFileType = wrapper.cfbundle; includeInIndex = 0; path = "NamingConventionsTests iOS.xctest"; sourceTree = BUILT_PRODUCTS_DIR; };
		F1F6A7A821A43F1200859C55 /* Info.plist */ = {isa = PBXFileReference; lastKnownFileType = text.plist.xml; path = Info.plist; sourceTree = "<group>"; };
		F1F6A7B321A43F8100859C55 /* NamingConventions.podspec */ = {isa = PBXFileReference; fileEncoding = 4; lastKnownFileType = text; path = NamingConventions.podspec; sourceTree = SOURCE_ROOT; };
		F1F6A7B521A43FAF00859C55 /* test.sh */ = {isa = PBXFileReference; fileEncoding = 4; lastKnownFileType = text.script.sh; path = test.sh; sourceTree = SOURCE_ROOT; };
		F1F6A7B821A4409100859C55 /* ConventionConverter.swift */ = {isa = PBXFileReference; fileEncoding = 4; lastKnownFileType = sourcecode.swift; path = ConventionConverter.swift; sourceTree = "<group>"; };
		F1F6A7B921A4409100859C55 /* Name.swift */ = {isa = PBXFileReference; fileEncoding = 4; lastKnownFileType = sourcecode.swift; path = Name.swift; sourceTree = "<group>"; };
		F1F6A7BA21A4409100859C55 /* NamingConventions.swift */ = {isa = PBXFileReference; fileEncoding = 4; lastKnownFileType = sourcecode.swift; path = NamingConventions.swift; sourceTree = "<group>"; };
		F1F6A7BB21A4409100859C55 /* NamingConvention.swift */ = {isa = PBXFileReference; fileEncoding = 4; lastKnownFileType = sourcecode.swift; path = NamingConvention.swift; sourceTree = "<group>"; };
		F1F6A7C021A442F300859C55 /* NamingConventionsTests-Bridging-Header.h */ = {isa = PBXFileReference; lastKnownFileType = sourcecode.c.h; path = "NamingConventionsTests-Bridging-Header.h"; sourceTree = "<group>"; };
		F1F6A7C121A442F300859C55 /* NamingConventionsTest.swift */ = {isa = PBXFileReference; fileEncoding = 4; lastKnownFileType = sourcecode.swift; path = NamingConventionsTest.swift; sourceTree = "<group>"; };
		F1F6A7C221A442F300859C55 /* TestBase.swift */ = {isa = PBXFileReference; fileEncoding = 4; lastKnownFileType = sourcecode.swift; path = TestBase.swift; sourceTree = "<group>"; };
/* End PBXFileReference section */

/* Begin PBXFrameworksBuildPhase section */
		F1B46A8521A99842000A78E3 /* Frameworks */ = {
			isa = PBXFrameworksBuildPhase;
			buildActionMask = 2147483647;
			files = (
			);
			runOnlyForDeploymentPostprocessing = 0;
		};
		F1B46A9221A9986B000A78E3 /* Frameworks */ = {
			isa = PBXFrameworksBuildPhase;
			buildActionMask = 2147483647;
			files = (
			);
			runOnlyForDeploymentPostprocessing = 0;
		};
		F1B46A9B21A9986B000A78E3 /* Frameworks */ = {
			isa = PBXFrameworksBuildPhase;
			buildActionMask = 2147483647;
			files = (
				F1B46A9F21A9986B000A78E3 /* NamingConventions.framework in Frameworks */,
			);
			runOnlyForDeploymentPostprocessing = 0;
		};
		F1B46AAE21A998A6000A78E3 /* Frameworks */ = {
			isa = PBXFrameworksBuildPhase;
			buildActionMask = 2147483647;
			files = (
			);
			runOnlyForDeploymentPostprocessing = 0;
		};
		F1B46AB721A998A6000A78E3 /* Frameworks */ = {
			isa = PBXFrameworksBuildPhase;
			buildActionMask = 2147483647;
			files = (
				F1B46ABB21A998A6000A78E3 /* NamingConventions.framework in Frameworks */,
			);
			runOnlyForDeploymentPostprocessing = 0;
		};
		F1F6A79421A43F1200859C55 /* Frameworks */ = {
			isa = PBXFrameworksBuildPhase;
			buildActionMask = 2147483647;
			files = (
			);
			runOnlyForDeploymentPostprocessing = 0;
		};
		F1F6A79E21A43F1200859C55 /* Frameworks */ = {
			isa = PBXFrameworksBuildPhase;
			buildActionMask = 2147483647;
			files = (
				F1F6A7A221A43F1200859C55 /* NamingConventions.framework in Frameworks */,
			);
			runOnlyForDeploymentPostprocessing = 0;
		};
/* End PBXFrameworksBuildPhase section */

/* Begin PBXGroup section */
		F1F6A78E21A43F1200859C55 = {
			isa = PBXGroup;
			children = (
				F1F6A7C521A4447000859C55 /* Metadata */,
				F1F6A79A21A43F1200859C55 /* NamingConventions */,
				F1F6A7A521A43F1200859C55 /* NamingConventionsTests */,
				F1F6A79921A43F1200859C55 /* Products */,
			);
			sourceTree = "<group>";
		};
		F1F6A79921A43F1200859C55 /* Products */ = {
			isa = PBXGroup;
			children = (
				F1F6A79821A43F1200859C55 /* NamingConventions.framework */,
				F1F6A7A121A43F1200859C55 /* NamingConventionsTests iOS.xctest */,
				F1B46A8921A99842000A78E3 /* NamingConventions.framework */,
				F1B46A9621A9986B000A78E3 /* NamingConventions.framework */,
				F1B46A9E21A9986B000A78E3 /* NamingConventionsTests tvOS.xctest */,
				F1B46AB221A998A6000A78E3 /* NamingConventions.framework */,
				F1B46ABA21A998A6000A78E3 /* NamingConventionsTests macOS.xctest */,
			);
			name = Products;
			sourceTree = "<group>";
		};
		F1F6A79A21A43F1200859C55 /* NamingConventions */ = {
			isa = PBXGroup;
			children = (
				F1F6A7B721A4406100859C55 /* Classes */,
				F1F6A79B21A43F1200859C55 /* NamingConventions.h */,
				F1F6A79C21A43F1200859C55 /* Info.plist */,
			);
			path = NamingConventions;
			sourceTree = "<group>";
		};
		F1F6A7A521A43F1200859C55 /* NamingConventionsTests */ = {
			isa = PBXGroup;
			children = (
				F1F6A7C121A442F300859C55 /* NamingConventionsTest.swift */,
				F1F6A7C221A442F300859C55 /* TestBase.swift */,
				F1F6A7A821A43F1200859C55 /* Info.plist */,
				F1F6A7C021A442F300859C55 /* NamingConventionsTests-Bridging-Header.h */,
			);
			path = NamingConventionsTests;
			sourceTree = "<group>";
		};
		F1F6A7B721A4406100859C55 /* Classes */ = {
			isa = PBXGroup;
			children = (
				F1F6A7B821A4409100859C55 /* ConventionConverter.swift */,
				F1F6A7B921A4409100859C55 /* Name.swift */,
				F1F6A7BB21A4409100859C55 /* NamingConvention.swift */,
				F1F6A7BA21A4409100859C55 /* NamingConventions.swift */,
			);
			path = Classes;
			sourceTree = "<group>";
		};
		F1F6A7C521A4447000859C55 /* Metadata */ = {
			isa = PBXGroup;
			children = (
				F1F6A7B521A43FAF00859C55 /* test.sh */,
				F1F6A7B321A43F8100859C55 /* NamingConventions.podspec */,
			);
			name = Metadata;
			sourceTree = "<group>";
		};
/* End PBXGroup section */

/* Begin PBXHeadersBuildPhase section */
		F1B46A8621A99842000A78E3 /* Headers */ = {
			isa = PBXHeadersBuildPhase;
			buildActionMask = 2147483647;
			files = (
			);
			runOnlyForDeploymentPostprocessing = 0;
		};
		F1B46A9321A9986B000A78E3 /* Headers */ = {
			isa = PBXHeadersBuildPhase;
			buildActionMask = 2147483647;
			files = (
			);
			runOnlyForDeploymentPostprocessing = 0;
		};
		F1B46AAF21A998A6000A78E3 /* Headers */ = {
			isa = PBXHeadersBuildPhase;
			buildActionMask = 2147483647;
			files = (
			);
			runOnlyForDeploymentPostprocessing = 0;
		};
		F1F6A79521A43F1200859C55 /* Headers */ = {
			isa = PBXHeadersBuildPhase;
			buildActionMask = 2147483647;
			files = (
				F1F6A7A921A43F1200859C55 /* NamingConventions.h in Headers */,
			);
			runOnlyForDeploymentPostprocessing = 0;
		};
/* End PBXHeadersBuildPhase section */

/* Begin PBXNativeTarget section */
		F1B46A8821A99842000A78E3 /* NamingConventions watchOS */ = {
			isa = PBXNativeTarget;
			buildConfigurationList = F1B46A8E21A99842000A78E3 /* Build configuration list for PBXNativeTarget "NamingConventions watchOS" */;
			buildPhases = (
				F1B46A8421A99842000A78E3 /* Sources */,
				F1B46A8521A99842000A78E3 /* Frameworks */,
				F1B46A8621A99842000A78E3 /* Headers */,
				F1B46A8721A99842000A78E3 /* Resources */,
			);
			buildRules = (
			);
			dependencies = (
			);
			name = "NamingConventions watchOS";
			productName = NamingConventions;
			productReference = F1B46A8921A99842000A78E3 /* NamingConventions.framework */;
			productType = "com.apple.product-type.framework";
		};
		F1B46A9521A9986B000A78E3 /* NamingConventions tvOS */ = {
			isa = PBXNativeTarget;
			buildConfigurationList = F1B46AA721A9986B000A78E3 /* Build configuration list for PBXNativeTarget "NamingConventions tvOS" */;
			buildPhases = (
				F1B46A9121A9986B000A78E3 /* Sources */,
				F1B46A9221A9986B000A78E3 /* Frameworks */,
				F1B46A9321A9986B000A78E3 /* Headers */,
				F1B46A9421A9986B000A78E3 /* Resources */,
			);
			buildRules = (
			);
			dependencies = (
			);
			name = "NamingConventions tvOS";
			productName = NamingConventions;
			productReference = F1B46A9621A9986B000A78E3 /* NamingConventions.framework */;
			productType = "com.apple.product-type.framework";
		};
		F1B46A9D21A9986B000A78E3 /* NamingConventionsTests tvOS */ = {
			isa = PBXNativeTarget;
			buildConfigurationList = F1B46AAA21A9986B000A78E3 /* Build configuration list for PBXNativeTarget "NamingConventionsTests tvOS" */;
			buildPhases = (
				F1B46A9A21A9986B000A78E3 /* Sources */,
				F1B46A9B21A9986B000A78E3 /* Frameworks */,
				F1B46A9C21A9986B000A78E3 /* Resources */,
			);
			buildRules = (
			);
			dependencies = (
				F1B46AA121A9986B000A78E3 /* PBXTargetDependency */,
			);
			name = "NamingConventionsTests tvOS";
			productName = NamingConventionsTests;
			productReference = F1B46A9E21A9986B000A78E3 /* NamingConventionsTests tvOS.xctest */;
			productType = "com.apple.product-type.bundle.unit-test";
		};
		F1B46AB121A998A6000A78E3 /* NamingConventions macOS */ = {
			isa = PBXNativeTarget;
			buildConfigurationList = F1B46AC321A998A6000A78E3 /* Build configuration list for PBXNativeTarget "NamingConventions macOS" */;
			buildPhases = (
				F1B46AAD21A998A6000A78E3 /* Sources */,
				F1B46AAE21A998A6000A78E3 /* Frameworks */,
				F1B46AAF21A998A6000A78E3 /* Headers */,
				F1B46AB021A998A6000A78E3 /* Resources */,
			);
			buildRules = (
			);
			dependencies = (
			);
			name = "NamingConventions macOS";
			productName = NamingConventions;
			productReference = F1B46AB221A998A6000A78E3 /* NamingConventions.framework */;
			productType = "com.apple.product-type.framework";
		};
		F1B46AB921A998A6000A78E3 /* NamingConventionsTests macOS */ = {
			isa = PBXNativeTarget;
			buildConfigurationList = F1B46AC621A998A6000A78E3 /* Build configuration list for PBXNativeTarget "NamingConventionsTests macOS" */;
			buildPhases = (
				F1B46AB621A998A6000A78E3 /* Sources */,
				F1B46AB721A998A6000A78E3 /* Frameworks */,
				F1B46AB821A998A6000A78E3 /* Resources */,
			);
			buildRules = (
			);
			dependencies = (
				F1B46ABD21A998A6000A78E3 /* PBXTargetDependency */,
			);
			name = "NamingConventionsTests macOS";
			productName = NamingConventionsTests;
			productReference = F1B46ABA21A998A6000A78E3 /* NamingConventionsTests macOS.xctest */;
			productType = "com.apple.product-type.bundle.unit-test";
		};
		F1F6A79721A43F1200859C55 /* NamingConventions iOS */ = {
			isa = PBXNativeTarget;
			buildConfigurationList = F1F6A7AC21A43F1200859C55 /* Build configuration list for PBXNativeTarget "NamingConventions iOS" */;
			buildPhases = (
				F1F6A79321A43F1200859C55 /* Sources */,
				F1F6A79421A43F1200859C55 /* Frameworks */,
				F1F6A79521A43F1200859C55 /* Headers */,
				F1F6A79621A43F1200859C55 /* Resources */,
			);
			buildRules = (
			);
			dependencies = (
			);
			name = "NamingConventions iOS";
			productName = NamingConventions;
			productReference = F1F6A79821A43F1200859C55 /* NamingConventions.framework */;
			productType = "com.apple.product-type.framework";
		};
		F1F6A7A021A43F1200859C55 /* NamingConventionsTests iOS */ = {
			isa = PBXNativeTarget;
			buildConfigurationList = F1F6A7AF21A43F1200859C55 /* Build configuration list for PBXNativeTarget "NamingConventionsTests iOS" */;
			buildPhases = (
				F1F6A79D21A43F1200859C55 /* Sources */,
				F1F6A79E21A43F1200859C55 /* Frameworks */,
				F1F6A79F21A43F1200859C55 /* Resources */,
			);
			buildRules = (
			);
			dependencies = (
				F1F6A7A421A43F1200859C55 /* PBXTargetDependency */,
			);
			name = "NamingConventionsTests iOS";
			productName = NamingConventionsTests;
			productReference = F1F6A7A121A43F1200859C55 /* NamingConventionsTests iOS.xctest */;
			productType = "com.apple.product-type.bundle.unit-test";
		};
/* End PBXNativeTarget section */

/* Begin PBXProject section */
		F1F6A78F21A43F1200859C55 /* Project object */ = {
			isa = PBXProject;
			attributes = {
				LastSwiftUpdateCheck = 0910;
				LastUpgradeCheck = 0910;
				ORGANIZATIONNAME = "Mani Moayedi";
				TargetAttributes = {
					F1B46A8821A99842000A78E3 = {
						CreatedOnToolsVersion = 9.1;
						ProvisioningStyle = Automatic;
					};
					F1B46A9521A9986B000A78E3 = {
						CreatedOnToolsVersion = 9.1;
						ProvisioningStyle = Automatic;
					};
					F1B46A9D21A9986B000A78E3 = {
						CreatedOnToolsVersion = 9.1;
						ProvisioningStyle = Automatic;
					};
					F1B46AB121A998A6000A78E3 = {
						CreatedOnToolsVersion = 9.1;
						ProvisioningStyle = Automatic;
					};
					F1B46AB921A998A6000A78E3 = {
						CreatedOnToolsVersion = 9.1;
						ProvisioningStyle = Automatic;
					};
					F1F6A79721A43F1200859C55 = {
						CreatedOnToolsVersion = 9.1;
						LastSwiftMigration = 0910;
						ProvisioningStyle = Automatic;
					};
					F1F6A7A021A43F1200859C55 = {
						CreatedOnToolsVersion = 9.1;
						LastSwiftMigration = 0910;
						ProvisioningStyle = Automatic;
					};
				};
			};
			buildConfigurationList = F1F6A79221A43F1200859C55 /* Build configuration list for PBXProject "NamingConventions" */;
			compatibilityVersion = "Xcode 8.0";
			developmentRegion = en;
			hasScannedForEncodings = 0;
			knownRegions = (
				en,
			);
			mainGroup = F1F6A78E21A43F1200859C55;
			productRefGroup = F1F6A79921A43F1200859C55 /* Products */;
			projectDirPath = "";
			projectRoot = "";
			targets = (
				F1F6A79721A43F1200859C55 /* NamingConventions iOS */,
				F1F6A7A021A43F1200859C55 /* NamingConventionsTests iOS */,
				F1B46A8821A99842000A78E3 /* NamingConventions watchOS */,
				F1B46A9521A9986B000A78E3 /* NamingConventions tvOS */,
				F1B46A9D21A9986B000A78E3 /* NamingConventionsTests tvOS */,
				F1B46AB121A998A6000A78E3 /* NamingConventions macOS */,
				F1B46AB921A998A6000A78E3 /* NamingConventionsTests macOS */,
			);
		};
/* End PBXProject section */

/* Begin PBXResourcesBuildPhase section */
		F1B46A8721A99842000A78E3 /* Resources */ = {
			isa = PBXResourcesBuildPhase;
			buildActionMask = 2147483647;
			files = (
			);
			runOnlyForDeploymentPostprocessing = 0;
		};
		F1B46A9421A9986B000A78E3 /* Resources */ = {
			isa = PBXResourcesBuildPhase;
			buildActionMask = 2147483647;
			files = (
			);
			runOnlyForDeploymentPostprocessing = 0;
		};
		F1B46A9C21A9986B000A78E3 /* Resources */ = {
			isa = PBXResourcesBuildPhase;
			buildActionMask = 2147483647;
			files = (
			);
			runOnlyForDeploymentPostprocessing = 0;
		};
		F1B46AB021A998A6000A78E3 /* Resources */ = {
			isa = PBXResourcesBuildPhase;
			buildActionMask = 2147483647;
			files = (
			);
			runOnlyForDeploymentPostprocessing = 0;
		};
		F1B46AB821A998A6000A78E3 /* Resources */ = {
			isa = PBXResourcesBuildPhase;
			buildActionMask = 2147483647;
			files = (
			);
			runOnlyForDeploymentPostprocessing = 0;
		};
		F1F6A79621A43F1200859C55 /* Resources */ = {
			isa = PBXResourcesBuildPhase;
			buildActionMask = 2147483647;
			files = (
				F1F6A7B621A43FAF00859C55 /* test.sh in Resources */,
				F1F6A7B421A43F8100859C55 /* NamingConventions.podspec in Resources */,
			);
			runOnlyForDeploymentPostprocessing = 0;
		};
		F1F6A79F21A43F1200859C55 /* Resources */ = {
			isa = PBXResourcesBuildPhase;
			buildActionMask = 2147483647;
			files = (
			);
			runOnlyForDeploymentPostprocessing = 0;
		};
/* End PBXResourcesBuildPhase section */

/* Begin PBXSourcesBuildPhase section */
		F1B46A8421A99842000A78E3 /* Sources */ = {
			isa = PBXSourcesBuildPhase;
			buildActionMask = 2147483647;
			files = (
				F1B46ACF21A99EB5000A78E3 /* ConventionConverter.swift in Sources */,
				F1B46AD021A99EB5000A78E3 /* Name.swift in Sources */,
				F1B46AD121A99EB5000A78E3 /* NamingConvention.swift in Sources */,
				F1B46AD221A99EB5000A78E3 /* NamingConventions.swift in Sources */,
			);
			runOnlyForDeploymentPostprocessing = 0;
		};
		F1B46A9121A9986B000A78E3 /* Sources */ = {
			isa = PBXSourcesBuildPhase;
			buildActionMask = 2147483647;
			files = (
				F1B46AD321A99EE8000A78E3 /* ConventionConverter.swift in Sources */,
				F1B46AD421A99EE8000A78E3 /* Name.swift in Sources */,
				F1B46AD521A99EE8000A78E3 /* NamingConvention.swift in Sources */,
				F1B46AD621A99EE8000A78E3 /* NamingConventions.swift in Sources */,
			);
			runOnlyForDeploymentPostprocessing = 0;
		};
		F1B46A9A21A9986B000A78E3 /* Sources */ = {
			isa = PBXSourcesBuildPhase;
			buildActionMask = 2147483647;
			files = (
				F1B46AD721A99EEF000A78E3 /* NamingConventionsTest.swift in Sources */,
				F1B46AD821A99EEF000A78E3 /* TestBase.swift in Sources */,
			);
			runOnlyForDeploymentPostprocessing = 0;
		};
		F1B46AAD21A998A6000A78E3 /* Sources */ = {
			isa = PBXSourcesBuildPhase;
			buildActionMask = 2147483647;
			files = (
				F1B46ACB21A99E7F000A78E3 /* ConventionConverter.swift in Sources */,
				F1B46ACC21A99E7F000A78E3 /* Name.swift in Sources */,
				F1B46ACD21A99E7F000A78E3 /* NamingConvention.swift in Sources */,
				F1B46ACE21A99E7F000A78E3 /* NamingConventions.swift in Sources */,
			);
			runOnlyForDeploymentPostprocessing = 0;
		};
		F1B46AB621A998A6000A78E3 /* Sources */ = {
			isa = PBXSourcesBuildPhase;
			buildActionMask = 2147483647;
			files = (
				F1B46AC921A99E0F000A78E3 /* NamingConventionsTest.swift in Sources */,
				F1B46ACA21A99E0F000A78E3 /* TestBase.swift in Sources */,
			);
			runOnlyForDeploymentPostprocessing = 0;
		};
		F1F6A79321A43F1200859C55 /* Sources */ = {
			isa = PBXSourcesBuildPhase;
			buildActionMask = 2147483647;
			files = (
				F1F6A7BE21A4409200859C55 /* NamingConventions.swift in Sources */,
				F1F6A7BD21A4409200859C55 /* Name.swift in Sources */,
				F1F6A7BF21A4409200859C55 /* NamingConvention.swift in Sources */,
				F1F6A7BC21A4409100859C55 /* ConventionConverter.swift in Sources */,
			);
			runOnlyForDeploymentPostprocessing = 0;
		};
		F1F6A79D21A43F1200859C55 /* Sources */ = {
			isa = PBXSourcesBuildPhase;
			buildActionMask = 2147483647;
			files = (
				F1F6A7C421A442F300859C55 /* TestBase.swift in Sources */,
				F1F6A7C321A442F300859C55 /* NamingConventionsTest.swift in Sources */,
			);
			runOnlyForDeploymentPostprocessing = 0;
		};
/* End PBXSourcesBuildPhase section */

/* Begin PBXTargetDependency section */
		F1B46AA121A9986B000A78E3 /* PBXTargetDependency */ = {
			isa = PBXTargetDependency;
			target = F1B46A9521A9986B000A78E3 /* NamingConventions tvOS */;
			targetProxy = F1B46AA021A9986B000A78E3 /* PBXContainerItemProxy */;
		};
		F1B46ABD21A998A6000A78E3 /* PBXTargetDependency */ = {
			isa = PBXTargetDependency;
			target = F1B46AB121A998A6000A78E3 /* NamingConventions macOS */;
			targetProxy = F1B46ABC21A998A6000A78E3 /* PBXContainerItemProxy */;
		};
		F1F6A7A421A43F1200859C55 /* PBXTargetDependency */ = {
			isa = PBXTargetDependency;
			target = F1F6A79721A43F1200859C55 /* NamingConventions iOS */;
			targetProxy = F1F6A7A321A43F1200859C55 /* PBXContainerItemProxy */;
		};
/* End PBXTargetDependency section */

/* Begin XCBuildConfiguration section */
		F1B46A8F21A99842000A78E3 /* Debug */ = {
			isa = XCBuildConfiguration;
			buildSettings = {
				APPLICATION_EXTENSION_API_ONLY = YES;
				CODE_SIGN_IDENTITY = "";
				CODE_SIGN_STYLE = Automatic;
				CURRENT_PROJECT_VERSION = 1;
				DEFINES_MODULE = YES;
				DYLIB_COMPATIBILITY_VERSION = 1;
				DYLIB_CURRENT_VERSION = 1;
				DYLIB_INSTALL_NAME_BASE = "@rpath";
				INFOPLIST_FILE = NamingConventions/Info.plist;
				INSTALL_PATH = "$(LOCAL_LIBRARY_DIR)/Frameworks";
				LD_RUNPATH_SEARCH_PATHS = "$(inherited) @executable_path/Frameworks @loader_path/Frameworks";
				PRODUCT_BUNDLE_IDENTIFIER = Acidmanic.NamingConventions;
				PRODUCT_NAME = NamingConventions;
				SDKROOT = watchos;
				SKIP_INSTALL = YES;
				SWIFT_VERSION = 4.0;
				TARGETED_DEVICE_FAMILY = 4;
				WATCHOS_DEPLOYMENT_TARGET = 4.1;
			};
			name = Debug;
		};
		F1B46A9021A99842000A78E3 /* Release */ = {
			isa = XCBuildConfiguration;
			buildSettings = {
				APPLICATION_EXTENSION_API_ONLY = YES;
				CODE_SIGN_IDENTITY = "";
				CODE_SIGN_STYLE = Automatic;
				CURRENT_PROJECT_VERSION = 1;
				DEFINES_MODULE = YES;
				DYLIB_COMPATIBILITY_VERSION = 1;
				DYLIB_CURRENT_VERSION = 1;
				DYLIB_INSTALL_NAME_BASE = "@rpath";
				INFOPLIST_FILE = NamingConventions/Info.plist;
				INSTALL_PATH = "$(LOCAL_LIBRARY_DIR)/Frameworks";
				LD_RUNPATH_SEARCH_PATHS = "$(inherited) @executable_path/Frameworks @loader_path/Frameworks";
				PRODUCT_BUNDLE_IDENTIFIER = Acidmanic.NamingConventions;
				PRODUCT_NAME = NamingConventions;
				SDKROOT = watchos;
				SKIP_INSTALL = YES;
				SWIFT_VERSION = 4.0;
				TARGETED_DEVICE_FAMILY = 4;
				WATCHOS_DEPLOYMENT_TARGET = 4.1;
			};
			name = Release;
		};
		F1B46AA821A9986B000A78E3 /* Debug */ = {
			isa = XCBuildConfiguration;
			buildSettings = {
				CODE_SIGN_IDENTITY = "";
				CODE_SIGN_STYLE = Automatic;
				CURRENT_PROJECT_VERSION = 1;
				DEFINES_MODULE = YES;
				DYLIB_COMPATIBILITY_VERSION = 1;
				DYLIB_CURRENT_VERSION = 1;
				DYLIB_INSTALL_NAME_BASE = "@rpath";
				INFOPLIST_FILE = NamingConventions/Info.plist;
				INSTALL_PATH = "$(LOCAL_LIBRARY_DIR)/Frameworks";
				LD_RUNPATH_SEARCH_PATHS = "$(inherited) @executable_path/Frameworks @loader_path/Frameworks";
				PRODUCT_BUNDLE_IDENTIFIER = Acidmanic.NamingConventions;
				PRODUCT_NAME = NamingConventions;
				SDKROOT = appletvos;
				SKIP_INSTALL = YES;
				SWIFT_VERSION = 4.0;
				TARGETED_DEVICE_FAMILY = 3;
				TVOS_DEPLOYMENT_TARGET = 11.1;
			};
			name = Debug;
		};
		F1B46AA921A9986B000A78E3 /* Release */ = {
			isa = XCBuildConfiguration;
			buildSettings = {
				CODE_SIGN_IDENTITY = "";
				CODE_SIGN_STYLE = Automatic;
				CURRENT_PROJECT_VERSION = 1;
				DEFINES_MODULE = YES;
				DYLIB_COMPATIBILITY_VERSION = 1;
				DYLIB_CURRENT_VERSION = 1;
				DYLIB_INSTALL_NAME_BASE = "@rpath";
				INFOPLIST_FILE = NamingConventions/Info.plist;
				INSTALL_PATH = "$(LOCAL_LIBRARY_DIR)/Frameworks";
				LD_RUNPATH_SEARCH_PATHS = "$(inherited) @executable_path/Frameworks @loader_path/Frameworks";
				PRODUCT_BUNDLE_IDENTIFIER = Acidmanic.NamingConventions;
				PRODUCT_NAME = NamingConventions;
				SDKROOT = appletvos;
				SKIP_INSTALL = YES;
				SWIFT_VERSION = 4.0;
				TARGETED_DEVICE_FAMILY = 3;
				TVOS_DEPLOYMENT_TARGET = 11.1;
			};
			name = Release;
		};
		F1B46AAB21A9986B000A78E3 /* Debug */ = {
			isa = XCBuildConfiguration;
			buildSettings = {
				ALWAYS_EMBED_SWIFT_STANDARD_LIBRARIES = YES;
				CODE_SIGN_STYLE = Automatic;
				INFOPLIST_FILE = NamingConventionsTests/Info.plist;
				LD_RUNPATH_SEARCH_PATHS = "$(inherited) @executable_path/Frameworks @loader_path/Frameworks";
				PRODUCT_BUNDLE_IDENTIFIER = Acidmanic.NamingConventionsTests;
				PRODUCT_NAME = "$(TARGET_NAME)";
				SDKROOT = appletvos;
				SWIFT_VERSION = 4.0;
				TARGETED_DEVICE_FAMILY = 3;
				TVOS_DEPLOYMENT_TARGET = 11.1;
			};
			name = Debug;
		};
		F1B46AAC21A9986B000A78E3 /* Release */ = {
			isa = XCBuildConfiguration;
			buildSettings = {
				ALWAYS_EMBED_SWIFT_STANDARD_LIBRARIES = YES;
				CODE_SIGN_STYLE = Automatic;
				INFOPLIST_FILE = NamingConventionsTests/Info.plist;
				LD_RUNPATH_SEARCH_PATHS = "$(inherited) @executable_path/Frameworks @loader_path/Frameworks";
				PRODUCT_BUNDLE_IDENTIFIER = Acidmanic.NamingConventionsTests;
				PRODUCT_NAME = "$(TARGET_NAME)";
				SDKROOT = appletvos;
				SWIFT_VERSION = 4.0;
				TARGETED_DEVICE_FAMILY = 3;
				TVOS_DEPLOYMENT_TARGET = 11.1;
			};
			name = Release;
		};
		F1B46AC421A998A6000A78E3 /* Debug */ = {
			isa = XCBuildConfiguration;
			buildSettings = {
				CODE_SIGN_IDENTITY = "-";
				CODE_SIGN_STYLE = Automatic;
				COMBINE_HIDPI_IMAGES = YES;
				CURRENT_PROJECT_VERSION = 1;
				DEFINES_MODULE = YES;
				DYLIB_COMPATIBILITY_VERSION = 1;
				DYLIB_CURRENT_VERSION = 1;
				DYLIB_INSTALL_NAME_BASE = "@rpath";
				FRAMEWORK_VERSION = A;
				INFOPLIST_FILE = NamingConventions/Info.plist;
				INSTALL_PATH = "$(LOCAL_LIBRARY_DIR)/Frameworks";
				LD_RUNPATH_SEARCH_PATHS = "$(inherited) @executable_path/../Frameworks @loader_path/Frameworks";
				MACOSX_DEPLOYMENT_TARGET = 10.12;
				PRODUCT_BUNDLE_IDENTIFIER = Acidmanic.NamingConventions;
				PRODUCT_NAME = NamingConventions;
				SDKROOT = macosx;
				SKIP_INSTALL = YES;
				SWIFT_VERSION = 4.0;
			};
			name = Debug;
		};
		F1B46AC521A998A6000A78E3 /* Release */ = {
			isa = XCBuildConfiguration;
			buildSettings = {
				CODE_SIGN_IDENTITY = "-";
				CODE_SIGN_STYLE = Automatic;
				COMBINE_HIDPI_IMAGES = YES;
				CURRENT_PROJECT_VERSION = 1;
				DEFINES_MODULE = YES;
				DYLIB_COMPATIBILITY_VERSION = 1;
				DYLIB_CURRENT_VERSION = 1;
				DYLIB_INSTALL_NAME_BASE = "@rpath";
				FRAMEWORK_VERSION = A;
				INFOPLIST_FILE = NamingConventions/Info.plist;
				INSTALL_PATH = "$(LOCAL_LIBRARY_DIR)/Frameworks";
				LD_RUNPATH_SEARCH_PATHS = "$(inherited) @executable_path/../Frameworks @loader_path/Frameworks";
				MACOSX_DEPLOYMENT_TARGET = 10.12;
				PRODUCT_BUNDLE_IDENTIFIER = Acidmanic.NamingConventions;
				PRODUCT_NAME = NamingConventions;
				SDKROOT = macosx;
				SKIP_INSTALL = YES;
				SWIFT_VERSION = 4.0;
			};
			name = Release;
		};
		F1B46AC721A998A6000A78E3 /* Debug */ = {
			isa = XCBuildConfiguration;
			buildSettings = {
				ALWAYS_EMBED_SWIFT_STANDARD_LIBRARIES = YES;
				CODE_SIGN_IDENTITY = "-";
				CODE_SIGN_STYLE = Automatic;
				COMBINE_HIDPI_IMAGES = YES;
				INFOPLIST_FILE = NamingConventionsTests/Info.plist;
				LD_RUNPATH_SEARCH_PATHS = "$(inherited) @executable_path/../Frameworks @loader_path/../Frameworks";
				MACOSX_DEPLOYMENT_TARGET = 10.12;
				PRODUCT_BUNDLE_IDENTIFIER = Acidmanic.NamingConventionsTests;
				PRODUCT_NAME = "$(TARGET_NAME)";
				SDKROOT = macosx;
				SWIFT_VERSION = 4.0;
			};
			name = Debug;
		};
		F1B46AC821A998A6000A78E3 /* Release */ = {
			isa = XCBuildConfiguration;
			buildSettings = {
				ALWAYS_EMBED_SWIFT_STANDARD_LIBRARIES = YES;
				CODE_SIGN_IDENTITY = "-";
				CODE_SIGN_STYLE = Automatic;
				COMBINE_HIDPI_IMAGES = YES;
				INFOPLIST_FILE = NamingConventionsTests/Info.plist;
				LD_RUNPATH_SEARCH_PATHS = "$(inherited) @executable_path/../Frameworks @loader_path/../Frameworks";
				MACOSX_DEPLOYMENT_TARGET = 10.12;
				PRODUCT_BUNDLE_IDENTIFIER = Acidmanic.NamingConventionsTests;
				PRODUCT_NAME = "$(TARGET_NAME)";
				SDKROOT = macosx;
				SWIFT_VERSION = 4.0;
			};
			name = Release;
		};
		F1F6A7AA21A43F1200859C55 /* Debug */ = {
			isa = XCBuildConfiguration;
			buildSettings = {
				ALWAYS_SEARCH_USER_PATHS = NO;
				CLANG_ANALYZER_NONNULL = YES;
				CLANG_ANALYZER_NUMBER_OBJECT_CONVERSION = YES_AGGRESSIVE;
				CLANG_CXX_LANGUAGE_STANDARD = "gnu++14";
				CLANG_CXX_LIBRARY = "libc++";
				CLANG_ENABLE_MODULES = YES;
				CLANG_ENABLE_OBJC_ARC = YES;
				CLANG_WARN_BLOCK_CAPTURE_AUTORELEASING = YES;
				CLANG_WARN_BOOL_CONVERSION = YES;
				CLANG_WARN_COMMA = YES;
				CLANG_WARN_CONSTANT_CONVERSION = YES;
				CLANG_WARN_DIRECT_OBJC_ISA_USAGE = YES_ERROR;
				CLANG_WARN_DOCUMENTATION_COMMENTS = YES;
				CLANG_WARN_EMPTY_BODY = YES;
				CLANG_WARN_ENUM_CONVERSION = YES;
				CLANG_WARN_INFINITE_RECURSION = YES;
				CLANG_WARN_INT_CONVERSION = YES;
				CLANG_WARN_NON_LITERAL_NULL_CONVERSION = YES;
				CLANG_WARN_OBJC_LITERAL_CONVERSION = YES;
				CLANG_WARN_OBJC_ROOT_CLASS = YES_ERROR;
				CLANG_WARN_RANGE_LOOP_ANALYSIS = YES;
				CLANG_WARN_STRICT_PROTOTYPES = YES;
				CLANG_WARN_SUSPICIOUS_MOVE = YES;
				CLANG_WARN_UNGUARDED_AVAILABILITY = YES_AGGRESSIVE;
				CLANG_WARN_UNREACHABLE_CODE = YES;
				CLANG_WARN__DUPLICATE_METHOD_MATCH = YES;
				CODE_SIGN_IDENTITY = "iPhone Developer";
				COPY_PHASE_STRIP = NO;
				CURRENT_PROJECT_VERSION = 0;
				DEBUG_INFORMATION_FORMAT = dwarf;
				ENABLE_STRICT_OBJC_MSGSEND = YES;
				ENABLE_TESTABILITY = YES;
				GCC_C_LANGUAGE_STANDARD = gnu11;
				GCC_DYNAMIC_NO_PIC = NO;
				GCC_NO_COMMON_BLOCKS = YES;
				GCC_OPTIMIZATION_LEVEL = 0;
				GCC_PREPROCESSOR_DEFINITIONS = (
					"DEBUG=1",
					"$(inherited)",
				);
				GCC_WARN_64_TO_32_BIT_CONVERSION = YES;
				GCC_WARN_ABOUT_RETURN_TYPE = YES_ERROR;
				GCC_WARN_UNDECLARED_SELECTOR = YES;
				GCC_WARN_UNINITIALIZED_AUTOS = YES_AGGRESSIVE;
				GCC_WARN_UNUSED_FUNCTION = YES;
				GCC_WARN_UNUSED_VARIABLE = YES;
				IPHONEOS_DEPLOYMENT_TARGET = 11.1;
				MTL_ENABLE_DEBUG_INFO = YES;
				ONLY_ACTIVE_ARCH = YES;
				SDKROOT = iphoneos;
				SWIFT_ACTIVE_COMPILATION_CONDITIONS = DEBUG;
				SWIFT_OPTIMIZATION_LEVEL = "-Onone";
				VERSIONING_SYSTEM = "apple-generic";
				VERSION_INFO_PREFIX = "";
			};
			name = Debug;
		};
		F1F6A7AB21A43F1200859C55 /* Release */ = {
			isa = XCBuildConfiguration;
			buildSettings = {
				ALWAYS_SEARCH_USER_PATHS = NO;
				CLANG_ANALYZER_NONNULL = YES;
				CLANG_ANALYZER_NUMBER_OBJECT_CONVERSION = YES_AGGRESSIVE;
				CLANG_CXX_LANGUAGE_STANDARD = "gnu++14";
				CLANG_CXX_LIBRARY = "libc++";
				CLANG_ENABLE_MODULES = YES;
				CLANG_ENABLE_OBJC_ARC = YES;
				CLANG_WARN_BLOCK_CAPTURE_AUTORELEASING = YES;
				CLANG_WARN_BOOL_CONVERSION = YES;
				CLANG_WARN_COMMA = YES;
				CLANG_WARN_CONSTANT_CONVERSION = YES;
				CLANG_WARN_DIRECT_OBJC_ISA_USAGE = YES_ERROR;
				CLANG_WARN_DOCUMENTATION_COMMENTS = YES;
				CLANG_WARN_EMPTY_BODY = YES;
				CLANG_WARN_ENUM_CONVERSION = YES;
				CLANG_WARN_INFINITE_RECURSION = YES;
				CLANG_WARN_INT_CONVERSION = YES;
				CLANG_WARN_NON_LITERAL_NULL_CONVERSION = YES;
				CLANG_WARN_OBJC_LITERAL_CONVERSION = YES;
				CLANG_WARN_OBJC_ROOT_CLASS = YES_ERROR;
				CLANG_WARN_RANGE_LOOP_ANALYSIS = YES;
				CLANG_WARN_STRICT_PROTOTYPES = YES;
				CLANG_WARN_SUSPICIOUS_MOVE = YES;
				CLANG_WARN_UNGUARDED_AVAILABILITY = YES_AGGRESSIVE;
				CLANG_WARN_UNREACHABLE_CODE = YES;
				CLANG_WARN__DUPLICATE_METHOD_MATCH = YES;
				CODE_SIGN_IDENTITY = "iPhone Developer";
				COPY_PHASE_STRIP = NO;
				CURRENT_PROJECT_VERSION = 0;
				DEBUG_INFORMATION_FORMAT = "dwarf-with-dsym";
				ENABLE_NS_ASSERTIONS = NO;
				ENABLE_STRICT_OBJC_MSGSEND = YES;
				GCC_C_LANGUAGE_STANDARD = gnu11;
				GCC_NO_COMMON_BLOCKS = YES;
				GCC_WARN_64_TO_32_BIT_CONVERSION = YES;
				GCC_WARN_ABOUT_RETURN_TYPE = YES_ERROR;
				GCC_WARN_UNDECLARED_SELECTOR = YES;
				GCC_WARN_UNINITIALIZED_AUTOS = YES_AGGRESSIVE;
				GCC_WARN_UNUSED_FUNCTION = YES;
				GCC_WARN_UNUSED_VARIABLE = YES;
				IPHONEOS_DEPLOYMENT_TARGET = 11.1;
				MTL_ENABLE_DEBUG_INFO = NO;
				SDKROOT = iphoneos;
				SWIFT_OPTIMIZATION_LEVEL = "-Owholemodule";
				VALIDATE_PRODUCT = YES;
				VERSIONING_SYSTEM = "apple-generic";
				VERSION_INFO_PREFIX = "";
			};
			name = Release;
		};
		F1F6A7AD21A43F1200859C55 /* Debug */ = {
			isa = XCBuildConfiguration;
			buildSettings = {
				APPLICATION_EXTENSION_API_ONLY = YES;
				CLANG_ENABLE_MODULES = YES;
				CODE_SIGN_IDENTITY = "";
				CODE_SIGN_STYLE = Automatic;
				DEFINES_MODULE = YES;
				DYLIB_COMPATIBILITY_VERSION = 1;
				DYLIB_CURRENT_VERSION = 0;
				DYLIB_INSTALL_NAME_BASE = "@rpath";
				INFOPLIST_FILE = NamingConventions/Info.plist;
				INSTALL_PATH = "$(LOCAL_LIBRARY_DIR)/Frameworks";
				LD_RUNPATH_SEARCH_PATHS = "$(inherited) @executable_path/Frameworks @loader_path/Frameworks";
				PRODUCT_BUNDLE_IDENTIFIER = Acidmanic.NamingConventions;
				PRODUCT_NAME = NamingConventions;
				SKIP_INSTALL = YES;
				SWIFT_OPTIMIZATION_LEVEL = "-Onone";
				SWIFT_VERSION = 4.0;
				TARGETED_DEVICE_FAMILY = "1,2";
			};
			name = Debug;
		};
		F1F6A7AE21A43F1200859C55 /* Release */ = {
			isa = XCBuildConfiguration;
			buildSettings = {
				APPLICATION_EXTENSION_API_ONLY = YES;
				CLANG_ENABLE_MODULES = YES;
				CODE_SIGN_IDENTITY = "";
				CODE_SIGN_STYLE = Automatic;
				DEFINES_MODULE = YES;
				DYLIB_COMPATIBILITY_VERSION = 1;
				DYLIB_CURRENT_VERSION = 0;
				DYLIB_INSTALL_NAME_BASE = "@rpath";
				INFOPLIST_FILE = NamingConventions/Info.plist;
				INSTALL_PATH = "$(LOCAL_LIBRARY_DIR)/Frameworks";
				LD_RUNPATH_SEARCH_PATHS = "$(inherited) @executable_path/Frameworks @loader_path/Frameworks";
				PRODUCT_BUNDLE_IDENTIFIER = Acidmanic.NamingConventions;
				PRODUCT_NAME = NamingConventions;
				SKIP_INSTALL = YES;
				SWIFT_VERSION = 4.0;
				TARGETED_DEVICE_FAMILY = "1,2";
			};
			name = Release;
		};
		F1F6A7B021A43F1200859C55 /* Debug */ = {
			isa = XCBuildConfiguration;
			buildSettings = {
				ALWAYS_EMBED_SWIFT_STANDARD_LIBRARIES = YES;
				CLANG_ENABLE_MODULES = YES;
				CODE_SIGN_STYLE = Automatic;
				INFOPLIST_FILE = NamingConventionsTests/Info.plist;
				LD_RUNPATH_SEARCH_PATHS = "$(inherited) @executable_path/Frameworks @loader_path/Frameworks";
				PRODUCT_BUNDLE_IDENTIFIER = Acidmanic.NamingConventionsTests;
				PRODUCT_NAME = "$(TARGET_NAME)";
				SWIFT_OBJC_BRIDGING_HEADER = "NamingConventionsTests/NamingConventionsTests-Bridging-Header.h";
				SWIFT_OPTIMIZATION_LEVEL = "-Onone";
				SWIFT_VERSION = 4.0;
				TARGETED_DEVICE_FAMILY = "1,2";
			};
			name = Debug;
		};
		F1F6A7B121A43F1200859C55 /* Release */ = {
			isa = XCBuildConfiguration;
			buildSettings = {
				ALWAYS_EMBED_SWIFT_STANDARD_LIBRARIES = YES;
				CLANG_ENABLE_MODULES = YES;
				CODE_SIGN_STYLE = Automatic;
				INFOPLIST_FILE = NamingConventionsTests/Info.plist;
				LD_RUNPATH_SEARCH_PATHS = "$(inherited) @executable_path/Frameworks @loader_path/Frameworks";
				PRODUCT_BUNDLE_IDENTIFIER = Acidmanic.NamingConventionsTests;
				PRODUCT_NAME = "$(TARGET_NAME)";
				SWIFT_OBJC_BRIDGING_HEADER = "NamingConventionsTests/NamingConventionsTests-Bridging-Header.h";
				SWIFT_VERSION = 4.0;
				TARGETED_DEVICE_FAMILY = "1,2";
			};
			name = Release;
		};
/* End XCBuildConfiguration section */

/* Begin XCConfigurationList section */
		F1B46A8E21A99842000A78E3 /* Build configuration list for PBXNativeTarget "NamingConventions watchOS" */ = {
			isa = XCConfigurationList;
			buildConfigurations = (
				F1B46A8F21A99842000A78E3 /* Debug */,
				F1B46A9021A99842000A78E3 /* Release */,
			);
			defaultConfigurationIsVisible = 0;
			defaultConfigurationName = Release;
		};
		F1B46AA721A9986B000A78E3 /* Build configuration list for PBXNativeTarget "NamingConventions tvOS" */ = {
			isa = XCConfigurationList;
			buildConfigurations = (
				F1B46AA821A9986B000A78E3 /* Debug */,
				F1B46AA921A9986B000A78E3 /* Release */,
			);
			defaultConfigurationIsVisible = 0;
			defaultConfigurationName = Release;
		};
		F1B46AAA21A9986B000A78E3 /* Build configuration list for PBXNativeTarget "NamingConventionsTests tvOS" */ = {
			isa = XCConfigurationList;
			buildConfigurations = (
				F1B46AAB21A9986B000A78E3 /* Debug */,
				F1B46AAC21A9986B000A78E3 /* Release */,
			);
			defaultConfigurationIsVisible = 0;
			defaultConfigurationName = Release;
		};
		F1B46AC321A998A6000A78E3 /* Build configuration list for PBXNativeTarget "NamingConventions macOS" */ = {
			isa = XCConfigurationList;
			buildConfigurations = (
				F1B46AC421A998A6000A78E3 /* Debug */,
				F1B46AC521A998A6000A78E3 /* Release */,
			);
			defaultConfigurationIsVisible = 0;
			defaultConfigurationName = Release;
		};
		F1B46AC621A998A6000A78E3 /* Build configuration list for PBXNativeTarget "NamingConventionsTests macOS" */ = {
			isa = XCConfigurationList;
			buildConfigurations = (
				F1B46AC721A998A6000A78E3 /* Debug */,
				F1B46AC821A998A6000A78E3 /* Release */,
			);
			defaultConfigurationIsVisible = 0;
			defaultConfigurationName = Release;
		};
		F1F6A79221A43F1200859C55 /* Build configuration list for PBXProject "NamingConventions" */ = {
			isa = XCConfigurationList;
			buildConfigurations = (
				F1F6A7AA21A43F1200859C55 /* Debug */,
				F1F6A7AB21A43F1200859C55 /* Release */,
			);
			defaultConfigurationIsVisible = 0;
			defaultConfigurationName = Release;
		};
		F1F6A7AC21A43F1200859C55 /* Build configuration list for PBXNativeTarget "NamingConventions iOS" */ = {
			isa = XCConfigurationList;
			buildConfigurations = (
				F1F6A7AD21A43F1200859C55 /* Debug */,
				F1F6A7AE21A43F1200859C55 /* Release */,
			);
			defaultConfigurationIsVisible = 0;
			defaultConfigurationName = Release;
		};
		F1F6A7AF21A43F1200859C55 /* Build configuration list for PBXNativeTarget "NamingConventionsTests iOS" */ = {
			isa = XCConfigurationList;
			buildConfigurations = (
				F1F6A7B021A43F1200859C55 /* Debug */,
				F1F6A7B121A43F1200859C55 /* Release */,
			);
			defaultConfigurationIsVisible = 0;
			defaultConfigurationName = Release;
		};
/* End XCConfigurationList section */
	};
	rootObject = F1F6A78F21A43F1200859C55 /* Project object */;
}
